lockfileVersion: '9.0'

settings:
  autoInstallPeers: true
  excludeLinksFromLockfile: false

importers:

  .:
    devDependencies:
      '@headlessui/react':
        specifier: ^2.2.10
        version: 2.2.10(react-dom@19.2.4(react@19.2.4))(react@19.2.4)
      '@playwright/test':
        specifier: ^1.49.0
        version: 1.63.0
      '@radix-ui/react-dialog':
        specifier: ^1.1.23
        version: 1.1.23(react-dom@19.2.4(react@19.2.4))(react@19.2.4)
      esbuild:
        specifier: ^0.24.0
        version: 0.24.2
      react:
        specifier: 19.2.4
        version: 19.2.4
      react-dom:
        specifier: 19.2.4
        version: 19.2.4(react@19.2.4)

packages:

  '@esbuild/aix-ppc64@0.24.2':
    resolution: {integrity: sha512-thpVCb/rhxE/BnMLQ7GReQLLN8q9qbHmI55F4489/ByVg2aQaQ6kbcLb6FHkocZzQhxc4gx0sCk0tJkKBFzDhA==}
    engines: {node: '>=18'}
    cpu: [ppc64]
    os: [aix]

  '@esbuild/android-arm64@0.24.2':
    resolution: {integrity: sha512-cNLgeqCqV8WxfcTIOeL4OAtSmL8JjcN6m09XIgro1Wi7cF4t/THaWEa7eL5CMoMBdjoHOTh/vwTO/o2TRXIyzg==}
    engines: {node: '>=18'}
    cpu: [arm64]
    os: [android]

  '@esbuild/android-arm@0.24.2':
    resolution: {integrity: sha512-tmwl4hJkCfNHwFB3nBa8z1Uy3ypZpxqxfTQOcHX+xRByyYgunVbZ9MzUUfb0RxaHIMnbHagwAxuTL+tnNM+1/Q==}
    engines: {node: '>=18'}
    cpu: [arm]
    os: [android]

  '@esbuild/android-x64@0.24.2':
    resolution: {integrity: sha512-B6Q0YQDqMx9D7rvIcsXfmJfvUYLoP722bgfBlO5cGvNVb5V/+Y7nhBE3mHV9OpxBf4eAS2S68KZztiPaWq4XYw==}
    engines: {node: '>=18'}
    cpu: [x64]
    os: [android]

  '@esbuild/darwin-arm64@0.24.2':
    resolution: {integrity: sha512-kj3AnYWc+CekmZnS5IPu9D+HWtUI49hbnyqk0FLEJDbzCIQt7hg7ucF1SQAilhtYpIujfaHr6O0UHlzzSPdOeA==}
    engines: {node: '>=18'}
    cpu: [arm64]
    os: [darwin]

  '@esbuild/darwin-x64@0.24.2':
    resolution: {integrity: sha512-WeSrmwwHaPkNR5H3yYfowhZcbriGqooyu3zI/3GGpF8AyUdsrrP0X6KumITGA9WOyiJavnGZUwPGvxvwfWPHIA==}
    engines: {node: '>=18'}
    cpu: [x64]
    os: [darwin]

  '@esbuild/freebsd-arm64@0.24.2':
    resolution: {integrity: sha512-UN8HXjtJ0k/Mj6a9+5u6+2eZ2ERD7Edt1Q9IZiB5UZAIdPnVKDoG7mdTVGhHJIeEml60JteamR3qhsr1r8gXvg==}
    engines: {node: '>=18'}
    cpu: [arm64]
    os: [freebsd]

  '@esbuild/freebsd-x64@0.24.2':
    resolution: {integrity: sha512-TvW7wE/89PYW+IevEJXZ5sF6gJRDY/14hyIGFXdIucxCsbRmLUcjseQu1SyTko+2idmCw94TgyaEZi9HUSOe3Q==}
    engines: {node: '>=18'}
    cpu: [x64]
    os: [freebsd]

  '@esbuild/linux-arm64@0.24.2':
    resolution: {integrity: sha512-7HnAD6074BW43YvvUmE/35Id9/NB7BeX5EoNkK9obndmZBUk8xmJJeU7DwmUeN7tkysslb2eSl6CTrYz6oEMQg==}
    engines: {node: '>=18'}
    cpu: [arm64]
    os: [linux]

  '@esbuild/linux-arm@0.24.2':
    resolution: {integrity: sha512-n0WRM/gWIdU29J57hJyUdIsk0WarGd6To0s+Y+LwvlC55wt+GT/OgkwoXCXvIue1i1sSNWblHEig00GBWiJgfA==}
    engines: {node: '>=18'}
    cpu: [arm]
    os: [linux]

  '@esbuild/linux-ia32@0.24.2':
    resolution: {integrity: sha512-sfv0tGPQhcZOgTKO3oBE9xpHuUqguHvSo4jl+wjnKwFpapx+vUDcawbwPNuBIAYdRAvIDBfZVvXprIj3HA+Ugw==}
    engines: {node: '>=18'}
    cpu: [ia32]
    os: [linux]

  '@esbuild/linux-loong64@0.24.2':
    resolution: {integrity: sha512-CN9AZr8kEndGooS35ntToZLTQLHEjtVB5n7dl8ZcTZMonJ7CCfStrYhrzF97eAecqVbVJ7APOEe18RPI4KLhwQ==}
    engines: {node: '>=18'}
    cpu: [loong64]
    os: [linux]

  '@esbuild/linux-mips64el@0.24.2':
    resolution: {integrity: sha512-iMkk7qr/wl3exJATwkISxI7kTcmHKE+BlymIAbHO8xanq/TjHaaVThFF6ipWzPHryoFsesNQJPE/3wFJw4+huw==}
    engines: {node: '>=18'}
    cpu: [mips64el]
    os: [linux]

  '@esbuild/linux-ppc64@0.24.2':
    resolution: {integrity: sha512-shsVrgCZ57Vr2L8mm39kO5PPIb+843FStGt7sGGoqiiWYconSxwTiuswC1VJZLCjNiMLAMh34jg4VSEQb+iEbw==}
    engines: {node: '>=18'}
    cpu: [ppc64]
    os: [linux]

  '@esbuild/linux-riscv64@0.24.2':
    resolution: {integrity: sha512-4eSFWnU9Hhd68fW16GD0TINewo1L6dRrB+oLNNbYyMUAeOD2yCK5KXGK1GH4qD/kT+bTEXjsyTCiJGHPZ3eM9Q==}
    engines: {node: '>=18'}
    cpu: [riscv64]
    os: [linux]

  '@esbuild/linux-s390x@0.24.2':
    resolution: {integrity: sha512-S0Bh0A53b0YHL2XEXC20bHLuGMOhFDO6GN4b3YjRLK//Ep3ql3erpNcPlEFed93hsQAjAQDNsvcK+hV90FubSw==}
    engines: {node: '>=18'}
    cpu: [s390x]
    os: [linux]

  '@esbuild/linux-x64@0.24.2':
    resolution: {integrity: sha512-8Qi4nQcCTbLnK9WoMjdC9NiTG6/E38RNICU6sUNqK0QFxCYgoARqVqxdFmWkdonVsvGqWhmm7MO0jyTqLqwj0Q==}
    engines: {node: '>=18'}
    cpu: [x64]
    os: [linux]

  '@esbuild/netbsd-arm64@0.24.2':
    resolution: {integrity: sha512-wuLK/VztRRpMt9zyHSazyCVdCXlpHkKm34WUyinD2lzK07FAHTq0KQvZZlXikNWkDGoT6x3TD51jKQ7gMVpopw==}
    engines: {node: '>=18'}
    cpu: [arm64]
    os: [netbsd]

  '@esbuild/netbsd-x64@0.24.2':
    resolution: {integrity: sha512-VefFaQUc4FMmJuAxmIHgUmfNiLXY438XrL4GDNV1Y1H/RW3qow68xTwjZKfj/+Plp9NANmzbH5R40Meudu8mmw==}
    engines: {node: '>=18'}
    cpu: [x64]
    os: [netbsd]

  '@esbuild/openbsd-arm64@0.24.2':
    resolution: {integrity: sha512-YQbi46SBct6iKnszhSvdluqDmxCJA+Pu280Av9WICNwQmMxV7nLRHZfjQzwbPs3jeWnuAhE9Jy0NrnJ12Oz+0A==}
    engines: {node: '>=18'}
    cpu: [arm64]
    os: [openbsd]

  '@esbuild/openbsd-x64@0.24.2':
    resolution: {integrity: sha512-+iDS6zpNM6EnJyWv0bMGLWSWeXGN/HTaF/LXHXHwejGsVi+ooqDfMCCTerNFxEkM3wYVcExkeGXNqshc9iMaOA==}
    engines: {node: '>=18'}
    cpu: [x64]
    os: [openbsd]

  '@esbuild/sunos-x64@0.24.2':
    resolution: {integrity: sha512-hTdsW27jcktEvpwNHJU4ZwWFGkz2zRJUz8pvddmXPtXDzVKTTINmlmga3ZzwcuMpUvLw7JkLy9QLKyGpD2Yxig==}
    engines: {node: '>=18'}
    cpu: [x64]
    os: [sunos]

  '@esbuild/win32-arm64@0.24.2':
    resolution: {integrity: sha512-LihEQ2BBKVFLOC9ZItT9iFprsE9tqjDjnbulhHoFxYQtQfai7qfluVODIYxt1PgdoyQkz23+01rzwNwYfutxUQ==}
    engines: {node: '>=18'}
    cpu: [arm64]
    os: [win32]

  '@esbuild/win32-ia32@0.24.2':
    resolution: {integrity: sha512-q+iGUwfs8tncmFC9pcnD5IvRHAzmbwQ3GPS5/ceCyHdjXubwQWI12MKWSNSMYLJMq23/IUCvJMS76PDqXe1fxA==}
    engines: {node: '>=18'}
    cpu: [ia32]
    os: [win32]

  '@esbuild/win32-x64@0.24.2':
    resolution: {integrity: sha512-7VTgWzgMGvup6aSqDPLiW5zHaxYJGTO4OokMjIlrCtf+VpEL+cXKtCvg723iguPYI5oaUNdS+/V7OU2gvXVWEg==}
    engines: {node: '>=18'}
    cpu: [x64]
    os: [win32]

  '@floating-ui/core@1.8.0':
    resolution: {integrity: sha512-0CIZ5itps/8x7BG8dEIhs53BvCUH2PCoogtakwRTut+Arm58sJooJ0AuZhLw2HJYIR5cMLNPBSS728sPho2khQ==}

  '@floating-ui/dom@1.8.0':
    resolution: {integrity: sha512-yXSrzeHZBTZadLOlfyhCkJHNeLJnHRnRInwdZ40L7ZiaAtrBwoYlsDrX3v5zB1Utk7CLfzcOVnVVWoXEky7Ceg==}

  '@floating-ui/react-dom@2.1.9':
    resolution: {integrity: sha512-JDjEFGCpImxDCA7JJKviA0M9+RtmJdj0m/NVU5IMgBK+AmZouAQQ7/+2GLH0GXXY0YMw9oXPB8hKdbPYg5QLYg==}
    peerDependencies:
      react: '>=16.8.0'
      react-dom: '>=16.8.0'

  '@floating-ui/react@0.26.28':
    resolution: {integrity: sha512-yORQuuAtVpiRjpMhdc0wJj06b9JFjrYF4qp96j++v2NBpbi6SEGF7donUJ3TMieerQ6qVkAv1tgr7L4r5roTqw==}
    peerDependencies:
      react: '>=16.8.0'
      react-dom: '>=16.8.0'

  '@floating-ui/utils@0.2.12':
    resolution: {integrity: sha512-HpCo8tmWzLVad5s2d19EhAz5zqrrQ6s69qd6moPMQvkOuSwDT1YgRfWSVuc4ennqrgv3OHppiOGMQ7oC13yIww==}

  '@headlessui/react@2.2.10':
    resolution: {integrity: sha512-5pVLNK9wlpxTUTy9GpgbX/SdcRh+HBnPktjM2wbiLTH4p+2EPHBO1aoSryUCuKUIItdDWO9ITlhUL8UnUN/oIA==}
    engines: {node: '>=10'}
    peerDependencies:
      react: ^18 || ^19 || ^19.0.0-rc
      react-dom: ^18 || ^19 || ^19.0.0-rc

  '@internationalized/date@3.12.4':
    resolution: {integrity: sha512-M1dEn4c1U1HsSlaVR8upZtSqvXrTkHDfv18H01uCSJyjVLDxnBR38v/fMxecmlwXKR4i9HeZcmgQAPE6A+aGJQ==}

  '@internationalized/number@3.6.8':
    resolution: {integrity: sha512-8UmMFia46DUt+k97zKd9fKWXcWHR+k8ae3eYzILETuT2KbIvLyOfac7zesw+sJdRAAZ7Q9pM1Mk22aXp2LD0Ig==}

  '@internationalized/string@3.2.10':
    resolution: {integrity: sha512-PDx6//vHSpRnHfxqMqto11zQvhsaU74O3mKv2F/0eicGZcl9NLjQmGlbHz/LsJh5tLKp4A4L7ZVTzN1/MmMTvA==}

  '@playwright/test@1.63.0':
    resolution: {integrity: sha512-oxMK4vllB9RK5NQ2l1pq1IfOf2AvnEuj/vYGDj0H2nMtmtZpKtCwt/l00GEO6xjGfpBNAvjovvYdCm50dRQkpQ==}
    engines: {node: '>=20'}
    hasBin: true

  '@radix-ui/primitive@1.1.7':
    resolution: {integrity: sha512-rqWnm76nYT8HoNNqEjpgJ7Pw/DrBj5iBTrmEPo6HTX5+VJyBNOqTdv4g89G63HuR5g0AaENoAcH7Is5fF2kZ8Q==}

  '@radix-ui/react-compose-refs@1.1.5':
    resolution: {integrity: sha512-+48PbAAbq3didjJxa+OaWY2ZwgAKsNiRGyeHKszblZMQ+kcpd9pAaT11cMkGEie0vsOi3QdeTE6d5Fe3Gn61kA==}
    peerDependencies:
      '@types/react': '*'
      react: ^16.8 || ^17.0 || ^18.0 || ^19.0 || ^19.0.0-rc
    peerDependenciesMeta:
      '@types/react':
        optional: true

  '@radix-ui/react-context@1.2.2':
    resolution: {integrity: sha512-RHCUGwKHDr0hDGg4X7ma4JG4/+12qxw8rkh5QKdDldlCvtja6nUx1Ef/8HVrJze81lEsgLQlqjzjGNHantgnQA==}
    peerDependencies:
      '@types/react': '*'
      react: ^16.8 || ^17.0 || ^18.0 || ^19.0 || ^19.0.0-rc
    peerDependenciesMeta:
      '@types/react':
        optional: true

  '@radix-ui/react-dialog@1.1.23':
    resolution: {integrity: sha512-Ksw4WeROkO4rC9k/onilX/Ao2Cr1ku1unMNH+XSCcP4jSXYu7HDsg9n4ojMjVb22XpYjAQ9qfrFlVbru1vXDUA==}
    peerDependencies:
      '@types/react': '*'
      '@types/react-dom': '*'
      react: ^16.8 || ^17.0 || ^18.0 || ^19.0 || ^19.0.0-rc
      react-dom: ^16.8 || ^17.0 || ^18.0 || ^19.0 || ^19.0.0-rc
    peerDependenciesMeta:
      '@types/react':
        optional: true
      '@types/react-dom':
        optional: true

  '@radix-ui/react-dismissable-layer@1.1.19':
    resolution: {integrity: sha512-8g4pfOL9HoKKLWGiypT+dphVqjFfmcXO5GBnhsG6zI+lxAx/8feQpr+1LSN8Re3hiZ+XkLNS4O9ztK11/LzQ6w==}
    peerDependencies:
      '@types/react': '*'
      '@types/react-dom': '*'
      react: ^16.8 || ^17.0 || ^18.0 || ^19.0 || ^19.0.0-rc
      react-dom: ^16.8 || ^17.0 || ^18.0 || ^19.0 || ^19.0.0-rc
    peerDependenciesMeta:
      '@types/react':
        optional: true
      '@types/react-dom':
        optional: true

  '@radix-ui/react-focus-guards@1.1.6':
    resolution: {integrity: sha512-RNOJjfZMTyBM6xYmV3IVGXkPjIhcBAuv48POevAXwrGJhkWZ9p1rFoIS1JFooPuT193AZmRsCPhpoVJxx6OPoQ==}
    peerDependencies:
      '@types/react': '*'
      react: ^16.8 || ^17.0 || ^18.0 || ^19.0 || ^19.0.0-rc
    peerDependenciesMeta:
      '@types/react':
        optional: true

  '@radix-ui/react-focus-scope@1.1.16':
    resolution: {integrity: sha512-wmRZ2WWLvmt6KHy2rNPOdPUjwq5xOHY02+m+udwJTn0aNIox/rkskAvJTyTLGhPK6KgrUjlJUJpgmx/+wFiFIQ==}
    peerDependencies:
      '@types/react': '*'
      '@types/react-dom': '*'
      react: ^16.8 || ^17.0 || ^18.0 || ^19.0 || ^19.0.0-rc
      react-dom: ^16.8 || ^17.0 || ^18.0 || ^19.0 || ^19.0.0-rc
    peerDependenciesMeta:
      '@types/react':
        optional: true
      '@types/react-dom':
        optional: true

  '@radix-ui/react-id@1.1.4':
    resolution: {integrity: sha512-TMQp2llA+RYn7JcjnrMnz7wN4pcVttPZnRZo52PLQsoLVKzNlVwUeHmfePgTgRluXFvlD3GD5g5MOVVTJCO0qA==}
    peerDependencies:
      '@types/react': '*'
      react: ^16.8 || ^17.0 || ^18.0 || ^19.0 || ^19.0.0-rc
    peerDependenciesMeta:
      '@types/react':
        optional: true

  '@radix-ui/react-portal@1.1.17':
    resolution: {integrity: sha512-vKQLcWypUnwZVvfV7UkGahH2g6ySe8M8R+zYBwPrv5byZ9QAW6cQVvNKo7GgmD+p8aYb6D9JBuvy8/WhOno2wQ==}
    peerDependencies:
      '@types/react': '*'
      '@types/react-dom': '*'
      react: ^16.8 || ^17.0 || ^18.0 || ^19.0 || ^19.0.0-rc
      react-dom: ^16.8 || ^17.0 || ^18.0 || ^19.0 || ^19.0.0-rc
    peerDependenciesMeta:
      '@types/react':
        optional: true
      '@types/react-dom':
        optional: true

  '@radix-ui/react-presence@1.1.10':
    resolution: {integrity: sha512-3wyzCQ6+ubRA+D4uv9m95JYLXxmOHp05qjrkjeA7uKHHtjpPggQzc6DAb0URl7j67oR0K2foO4ip27TiX037Bw==}
    peerDependencies:
      '@types/react': '*'
      '@types/react-dom': '*'
      react: ^16.8 || ^17.0 || ^18.0 || ^19.0 || ^19.0.0-rc
      react-dom: ^16.8 || ^17.0 || ^18.0 || ^19.0 || ^19.0.0-rc
    peerDependenciesMeta:
      '@types/react':
        optional: true
      '@types/react-dom':
        optional: true

  '@radix-ui/react-primitive@2.1.10':
    resolution: {integrity: sha512-MucOnzh6hR5mid6VpkbglRAMYMjKLqRnGBbjXkzjK52fuQDd1qbkx78a5P40mkcnVXJdEVxm26E9OPAiUq7nBg==}
    peerDependencies:
      '@types/react': '*'
      '@types/react-dom': '*'
      react: ^16.8 || ^17.0 || ^18.0 || ^19.0 || ^19.0.0-rc
      react-dom: ^16.8 || ^17.0 || ^18.0 || ^19.0 || ^19.0.0-rc
    peerDependenciesMeta:
      '@types/react':
        optional: true
      '@types/react-dom':
        optional: true

  '@radix-ui/react-slot@1.3.3':
    resolution: {integrity: sha512-qx7oqnYbxnK9kYI9m317qmFmEgo6ywqWvbTogdj7cL9p3/yx4M48p7Rnw5z3H890cL/ow/EeWJsuTykeZVXP5Q==}
    peerDependencies:
      '@types/react': '*'
      react: ^16.8 || ^17.0 || ^18.0 || ^19.0 || ^19.0.0-rc
    peerDependenciesMeta:
      '@types/react':
        optional: true

  '@radix-ui/react-use-callback-ref@1.1.4':
    resolution: {integrity: sha512-R6OUY2e2fA6Yn6s+VSx5KBV6Nx8LQEhu+cz7LCej18rQ1HLyg9PSC9jP/ZNx0o6FAIK9c0F1kHylzSxKsdlkrQ==}
    peerDependencies:
      '@types/react': '*'
      react: ^16.8 || ^17.0 || ^18.0 || ^19.0 || ^19.0.0-rc
    peerDependenciesMeta:
      '@types/react':
        optional: true

  '@radix-ui/react-use-controllable-state@1.2.6':
    resolution: {integrity: sha512-uEQJGT97ZA/TgP/Hydw47lHu+/vQj6z/0jA+WeTbK1o9Rx45GImjpD0tc3W5ad3D6XTSR6e1yEO0FvGq6WQfVQ==}
    peerDependencies:
      '@types/react': '*'
      react: ^16.8 || ^17.0 || ^18.0 || ^19.0 || ^19.0.0-rc
    peerDependenciesMeta:
      '@types/react':
        optional: true

  '@radix-ui/react-use-effect-event@0.0.5':
    resolution: {integrity: sha512-7cshFL8HGS/7HEiHH+9kL9HBwp2sa9yX18Knwek6KYWmXwM7pegMgta2AXMQKI+rq3JnfSj9x8wYqFMTdG1Jgg==}
    peerDependencies:
      '@types/react': '*'
      react: ^16.8 || ^17.0 || ^18.0 || ^19.0 || ^19.0.0-rc
    peerDependenciesMeta:
      '@types/react':
        optional: true

  '@radix-ui/react-use-layout-effect@1.1.4':
    resolution: {integrity: sha512-K20DkRkUwDnxEYMBPcg3Y6voLkEy5p5QQmszZgLngKKiC7dzBR/aEuK3w1qlx2JWDUNH6FluahYdgR3BP+QbYw==}
    peerDependencies:
      '@types/react': '*'
      react: ^16.8 || ^17.0 || ^18.0 || ^19.0 || ^19.0.0-rc
    peerDependenciesMeta:
      '@types/react':
        optional: true

  '@react-aria/focus@3.22.1':
    resolution: {integrity: sha512-CPxtkyrBi/HYY5P3lE/57sQ6qfa0lN8E55TOm89H0kNGv0lKt+/0zP7lWERzBjRr5IxBVrQX4gFEowBN52LPaA==}
    peerDependencies:
      react: ^16.8.0 || ^17.0.0-rc.1 || ^18.0.0 || ^19.0.0-rc.1
      react-dom: ^16.8.0 || ^17.0.0-rc.1 || ^18.0.0 || ^19.0.0-rc.1

  '@react-aria/interactions@3.28.1':
    resolution: {integrity: sha512-Bqb+HrD5I5MHS2SKBhISYqo2SW8Y2dfzgF/Y1lIJq7xqLxheo9vzxPGEHhz+XzkgGfoqEJx8A6a3C7uiqS3HWA==}
    peerDependencies:
      react: ^16.8.0 || ^17.0.0-rc.1 || ^18.0.0 || ^19.0.0-rc.1
      react-dom: ^16.8.0 || ^17.0.0-rc.1 || ^18.0.0 || ^19.0.0-rc.1

  '@react-types/shared@3.36.1':
    resolution: {integrity: sha512-AzsuD9OfxTOZMMvTRhlN3oHBwOmFN7tDh27LzqmHt4+uOgPhJT7ZM7/kVs/8/o0WxayMUIk3hBmCFRHv1FUoag==}
    peerDependencies:
      react: ^16.8.0 || ^17.0.0-rc.1 || ^18.0.0 || ^19.0.0-rc.1

  '@swc/helpers@0.5.23':
    resolution: {integrity: sha512-5lSsMOTXURePglDfvuAQUqkGek9Hg2kksOYay2m0+XR++b2NWYL/4sWyuvVBIs8oKnJaxkdi9whaL/sqN13afw==}

  '@tanstack/react-virtual@3.14.13':
    resolution: {integrity: sha512-JbDTAwtzZ99aOeCrAfW5EsE5KSq5RWh6Af2dtFwyLIIk48Ja7vm6n4axu/43T3vfjFnEGJalxJ1wyYjSQD6bSg==}
    peerDependencies:
      react: ^16.8.0 || ^17.0.0 || ^18.0.0 || ^19.0.0
      react-dom: ^16.8.0 || ^17.0.0 || ^18.0.0 || ^19.0.0

  '@tanstack/virtual-core@3.17.11':
    resolution: {integrity: sha512-+ILjvtHup6Y2hzQ6YzwMgX1Q+oQpxEGOXCEsCNaPoIP0VxMbizIBTmYTDtkerkIQS8/CbP1BRuyt8V/8BCsy1g==}

  aria-hidden@1.2.6:
    resolution: {integrity: sha512-ik3ZgC9dY/lYVVM++OISsaYDeg1tb0VtP5uL3ouh1koGOaUMDPpbFIei4JkFimWUFPn90sbMNMXQAIVOlnYKJA==}
    engines: {node: '>=10'}

  clsx@2.1.1:
    resolution: {integrity: sha512-eYm0QWBtUrBWZWG0d386OGAw16Z995PiOVo2B7bjWSbHedGl5e0ZWaq65kOGgUSNesEIDkB9ISbTg/JK9dhCZA==}
    engines: {node: '>=6'}

  detect-node-es@1.1.0:
    resolution: {integrity: sha512-ypdmJU/TbBby2Dxibuv7ZLW3Bs1QEmM7nHjEANfohJLvE0XVujisn1qPJcZxg+qDucsr+bP6fLD1rPS3AhJ7EQ==}

  esbuild@0.24.2:
    resolution: {integrity: sha512-+9egpBW8I3CD5XPe0n6BfT5fxLzxrlDzqydF3aviG+9ni1lDC/OvMHcxqEFV0+LANZG5R1bFMWfUrjVsdwxJvA==}
    engines: {node: '>=18'}
    hasBin: true

  get-nonce@1.0.1:
    resolution: {integrity: sha512-FJhYRoDaiatfEkUK8HKlicmu/3SGFD51q3itKDGoSTysQJBnfOcxU5GxnhE1E6soB76MbT0MBtnKJuXyAx+96Q==}
    engines: {node: '>=6'}

  playwright-core@1.63.0:
    resolution: {integrity: sha512-rYCsBF/M5HjUch52bbtVONEFjv6Xu8sm8h72dNlR5bzIE1fvC/bxgspzkjSfU+MweEMmPM8KJebG6nnyxo5mCg==}
    engines: {node: '>=20'}
    hasBin: true

  playwright@1.63.0:
    resolution: {integrity: sha512-+7ziBLidS4NaNCdt57SUDT+wYmmd5fmiQejUic/kb+YsYSCPyOOE9sebzMjNmQrsnNpDJqd4WHvV/8lfKfUDUg==}
    engines: {node: '>=20'}
    hasBin: true

  react-aria@3.52.1:
    resolution: {integrity: sha512-fdZZruC9/x/joCg0mhKGs5aHpwrXLCSZ4GOJmhhYyiE0ffyEsk9MLFt9LCOCF9tn8ErTD+UDQP4oDUSlZkmpCg==}
    peerDependencies:
      react: ^16.8.0 || ^17.0.0-rc.1 || ^18.0.0 || ^19.0.0-rc.1
      react-dom: ^16.8.0 || ^17.0.0-rc.1 || ^18.0.0 || ^19.0.0-rc.1

  react-dom@19.2.4:
    resolution: {integrity: sha512-AXJdLo8kgMbimY95O2aKQqsz2iWi9jMgKJhRBAxECE4IFxfcazB2LmzloIoibJI3C12IlY20+KFaLv+71bUJeQ==}
    peerDependencies:
      react: ^19.2.4

  react-remove-scroll-bar@2.3.8:
    resolution: {integrity: sha512-9r+yi9+mgU33AKcj6IbT9oRCO78WriSj6t/cF8DWBZJ9aOGPOTEDvdUDz1FwKim7QXWwmHqtdHnRJfhAxEG46Q==}
    engines: {node: '>=10'}
    peerDependencies:
      '@types/react': '*'
      react: ^16.8.0 || ^17.0.0 || ^18.0.0 || ^19.0.0
    peerDependenciesMeta:
      '@types/react':
        optional: true

  react-remove-scroll@2.7.2:
    resolution: {integrity: sha512-Iqb9NjCCTt6Hf+vOdNIZGdTiH1QSqr27H/Ek9sv/a97gfueI/5h1s3yRi1nngzMUaOOToin5dI1dXKdXiF+u0Q==}
    engines: {node: '>=10'}
    peerDependencies:
      '@types/react': '*'
      react: ^16.8.0 || ^17.0.0 || ^18.0.0 || ^19.0.0 || ^19.0.0-rc
    peerDependenciesMeta:
      '@types/react':
        optional: true

  react-stately@3.50.0:
    resolution: {integrity: sha512-TnckvpDQGU0672wEaLZqdzvhuSeXWjgW6vijMWxiKOxc8CosQUfPGISdcZyfHqjX3XMjEtRxj4w9HumvX4h4mw==}
    peerDependencies:
      react: ^16.8.0 || ^17.0.0-rc.1 || ^18.0.0 || ^19.0.0-rc.1

  react-style-singleton@2.2.3:
    resolution: {integrity: sha512-b6jSvxvVnyptAiLjbkWLE/lOnR4lfTtDAl+eUC7RZy+QQWc6wRzIV2CE6xBuMmDxc2qIihtDCZD5NPOFl7fRBQ==}
    engines: {node: '>=10'}
    peerDependencies:
      '@types/react': '*'
      react: ^16.8.0 || ^17.0.0 || ^18.0.0 || ^19.0.0 || ^19.0.0-rc
    peerDependenciesMeta:
      '@types/react':
        optional: true

  react@19.2.4:
    resolution: {integrity: sha512-9nfp2hYpCwOjAN+8TZFGhtWEwgvWHXqESH8qT89AT/lWklpLON22Lc8pEtnpsZz7VmawabSU0gCjnj8aC0euHQ==}
    engines: {node: '>=0.10.0'}

  scheduler@0.27.0:
    resolution: {integrity: sha512-eNv+WrVbKu1f3vbYJT/xtiF5syA5HPIMtf9IgY/nKg0sWqzAUEvqY/xm7OcZc/qafLx/iO9FgOmeSAp4v5ti/Q==}

  tabbable@6.5.0:
    resolution: {integrity: sha512-wieBHXygIm7OyQOu5hQlkk62/WyCFYGlWg7L6/ZCUZwx0o398Zkn4pVmMyfYhfMG8kGrj/Krt8eIk6UKC6VzwA==}

  tslib@2.8.1:
    resolution: {integrity: sha512-oJFu94HQb+KVduSUQL7wnpmqnfmLsOA/nAh6b6EH0wCEoK0/mPeXU6c3wKDV83MkOuHPRHtSXKKU99IBazS/2w==}

  use-callback-ref@1.3.3:
    resolution: {integrity: sha512-jQL3lRnocaFtu3V00JToYz/4QkNWswxijDaCVNZRiRTO3HQDLsdu1ZtmIUvV4yPp+rvWm5j0y0TG/S61cuijTg==}
    engines: {node: '>=10'}
    peerDependencies:
      '@types/react': '*'
      react: ^16.8.0 || ^17.0.0 || ^18.0.0 || ^19.0.0 || ^19.0.0-rc
    peerDependenciesMeta:
      '@types/react':
        optional: true

  use-sidecar@1.1.3:
    resolution: {integrity: sha512-Fedw0aZvkhynoPYlA5WXrMCAMm+nSWdZt6lzJQ7Ok8S6Q+VsHmHpRWndVRJ8Be0ZbkfPc5LRYH+5XrzXcEeLRQ==}
    engines: {node: '>=10'}
    peerDependencies:
      '@types/react': '*'
      react: ^16.8.0 || ^17.0.0 || ^18.0.0 || ^19.0.0 || ^19.0.0-rc
    peerDependenciesMeta:
      '@types/react':
        optional: true

  use-sync-external-store@1.7.0:
    resolution: {integrity: sha512-6L+EeigHMQhdaIPNIFUKwfWJSwWFQ8gJbJ2DLOs5sDIegTwR9fRxvnM3uciHKjIZhFz+KAv2emhWMRvDmMcY8A==}
    peerDependencies:
      react: ^16.8.0 || ^17.0.0 || ^18.0.0 || ^19.0.0

snapshots:

  '@esbuild/aix-ppc64@0.24.2':
    optional: true

  '@esbuild/android-arm64@0.24.2':
    optional: true

  '@esbuild/android-arm@0.24.2':
    optional: true

  '@esbuild/android-x64@0.24.2':
    optional: true

  '@esbuild/darwin-arm64@0.24.2':
    optional: true

  '@esbuild/darwin-x64@0.24.2':
    optional: true

  '@esbuild/freebsd-arm64@0.24.2':
    optional: true

  '@esbuild/freebsd-x64@0.24.2':
    optional: true

  '@esbuild/linux-arm64@0.24.2':
    optional: true

  '@esbuild/linux-arm@0.24.2':
    optional: true

  '@esbuild/linux-ia32@0.24.2':
    optional: true

  '@esbuild/linux-loong64@0.24.2':
    optional: true

  '@esbuild/linux-mips64el@0.24.2':
    optional: true

  '@esbuild/linux-ppc64@0.24.2':
    optional: true

  '@esbuild/linux-riscv64@0.24.2':
    optional: true

  '@esbuild/linux-s390x@0.24.2':
    optional: true

  '@esbuild/linux-x64@0.24.2':
    optional: true

  '@esbuild/netbsd-arm64@0.24.2':
    optional: true

  '@esbuild/netbsd-x64@0.24.2':
    optional: true

  '@esbuild/openbsd-arm64@0.24.2':
    optional: true

  '@esbuild/openbsd-x64@0.24.2':
    optional: true

  '@esbuild/sunos-x64@0.24.2':
    optional: true

  '@esbuild/win32-arm64@0.24.2':
    optional: true

  '@esbuild/win32-ia32@0.24.2':
    optional: true

  '@esbuild/win32-x64@0.24.2':
    optional: true

  '@floating-ui/core@1.8.0':
    dependencies:
      '@floating-ui/utils': 0.2.12

  '@floating-ui/dom@1.8.0':
    dependencies:
      '@floating-ui/core': 1.8.0
      '@floating-ui/utils': 0.2.12

  '@floating-ui/react-dom@2.1.9(react-dom@19.2.4(react@19.2.4))(react@19.2.4)':
    dependencies:
      '@floating-ui/dom': 1.8.0
      react: 19.2.4
      react-dom: 19.2.4(react@19.2.4)

  '@floating-ui/react@0.26.28(react-dom@19.2.4(react@19.2.4))(react@19.2.4)':
    dependencies:
      '@floating-ui/react-dom': 2.1.9(react-dom@19.2.4(react@19.2.4))(react@19.2.4)
      '@floating-ui/utils': 0.2.12
      react: 19.2.4
      react-dom: 19.2.4(react@19.2.4)
      tabbable: 6.5.0

  '@floating-ui/utils@0.2.12': {}

  '@headlessui/react@2.2.10(react-dom@19.2.4(react@19.2.4))(react@19.2.4)':
    dependencies:
      '@floating-ui/react': 0.26.28(react-dom@19.2.4(react@19.2.4))(react@19.2.4)
      '@react-aria/focus': 3.22.1(react-dom@19.2.4(react@19.2.4))(react@19.2.4)
      '@react-aria/interactions': 3.28.1(react-dom@19.2.4(react@19.2.4))(react@19.2.4)
      '@tanstack/react-virtual': 3.14.13(react-dom@19.2.4(react@19.2.4))(react@19.2.4)
      react: 19.2.4
      react-dom: 19.2.4(react@19.2.4)
      use-sync-external-store: 1.7.0(react@19.2.4)

  '@internationalized/date@3.12.4':
    dependencies:
      '@swc/helpers': 0.5.23

  '@internationalized/number@3.6.8':
    dependencies:
      '@swc/helpers': 0.5.23

  '@internationalized/string@3.2.10':
    dependencies:
      '@swc/helpers': 0.5.23

  '@playwright/test@1.63.0':
    dependencies:
      playwright: 1.63.0

  '@radix-ui/primitive@1.1.7': {}

  '@radix-ui/react-compose-refs@1.1.5(react@19.2.4)':
    dependencies:
      react: 19.2.4

  '@radix-ui/react-context@1.2.2(react@19.2.4)':
    dependencies:
      react: 19.2.4

  '@radix-ui/react-dialog@1.1.23(react-dom@19.2.4(react@19.2.4))(react@19.2.4)':
    dependencies:
      '@radix-ui/primitive': 1.1.7
      '@radix-ui/react-compose-refs': 1.1.5(react@19.2.4)
      '@radix-ui/react-context': 1.2.2(react@19.2.4)
      '@radix-ui/react-dismissable-layer': 1.1.19(react-dom@19.2.4(react@19.2.4))(react@19.2.4)
      '@radix-ui/react-focus-guards': 1.1.6(react@19.2.4)
      '@radix-ui/react-focus-scope': 1.1.16(react-dom@19.2.4(react@19.2.4))(react@19.2.4)
      '@radix-ui/react-id': 1.1.4(react@19.2.4)
      '@radix-ui/react-portal': 1.1.17(react-dom@19.2.4(react@19.2.4))(react@19.2.4)
      '@radix-ui/react-presence': 1.1.10(react-dom@19.2.4(react@19.2.4))(react@19.2.4)
      '@radix-ui/react-primitive': 2.1.10(react-dom@19.2.4(react@19.2.4))(react@19.2.4)
      '@radix-ui/react-slot': 1.3.3(react@19.2.4)
      '@radix-ui/react-use-controllable-state': 1.2.6(react@19.2.4)
      '@radix-ui/react-use-layout-effect': 1.1.4(react@19.2.4)
      aria-hidden: 1.2.6
      react: 19.2.4
      react-dom: 19.2.4(react@19.2.4)
      react-remove-scroll: 2.7.2(react@19.2.4)

  '@radix-ui/react-dismissable-layer@1.1.19(react-dom@19.2.4(react@19.2.4))(react@19.2.4)':
    dependencies:
      '@radix-ui/primitive': 1.1.7
      '@radix-ui/react-compose-refs': 1.1.5(react@19.2.4)
      '@radix-ui/react-primitive': 2.1.10(react-dom@19.2.4(react@19.2.4))(react@19.2.4)
      '@radix-ui/react-use-callback-ref': 1.1.4(react@19.2.4)
      '@radix-ui/react-use-effect-event': 0.0.5(react@19.2.4)
      react: 19.2.4
      react-dom: 19.2.4(react@19.2.4)

  '@radix-ui/react-focus-guards@1.1.6(react@19.2.4)':
    dependencies:
      react: 19.2.4

  '@radix-ui/react-focus-scope@1.1.16(react-dom@19.2.4(react@19.2.4))(react@19.2.4)':
    dependencies:
      '@radix-ui/react-compose-refs': 1.1.5(react@19.2.4)
      '@radix-ui/react-primitive': 2.1.10(react-dom@19.2.4(react@19.2.4))(react@19.2.4)
      '@radix-ui/react-use-callback-ref': 1.1.4(react@19.2.4)
      react: 19.2.4
      react-dom: 19.2.4(react@19.2.4)

  '@radix-ui/react-id@1.1.4(react@19.2.4)':
    dependencies:
      '@radix-ui/react-use-layout-effect': 1.1.4(react@19.2.4)
      react: 19.2.4

  '@radix-ui/react-portal@1.1.17(react-dom@19.2.4(react@19.2.4))(react@19.2.4)':
    dependencies:
      '@radix-ui/react-primitive': 2.1.10(react-dom@19.2.4(react@19.2.4))(react@19.2.4)
      '@radix-ui/react-use-layout-effect': 1.1.4(react@19.2.4)
      react: 19.2.4
      react-dom: 19.2.4(react@19.2.4)

  '@radix-ui/react-presence@1.1.10(react-dom@19.2.4(react@19.2.4))(react@19.2.4)':
    dependencies:
      '@radix-ui/react-use-layout-effect': 1.1.4(react@19.2.4)
      react: 19.2.4
      react-dom: 19.2.4(react@19.2.4)

  '@radix-ui/react-primitive@2.1.10(react-dom@19.2.4(react@19.2.4))(react@19.2.4)':
    dependencies:
      '@radix-ui/react-slot': 1.3.3(react@19.2.4)
      react: 19.2.4
      react-dom: 19.2.4(react@19.2.4)

  '@radix-ui/react-slot@1.3.3(react@19.2.4)':
    dependencies:
      '@radix-ui/react-compose-refs': 1.1.5(react@19.2.4)
      react: 19.2.4

  '@radix-ui/react-use-callback-ref@1.1.4(react@19.2.4)':
    dependencies:
      react: 19.2.4

  '@radix-ui/react-use-controllable-state@1.2.6(react@19.2.4)':
    dependencies:
      '@radix-ui/primitive': 1.1.7
      '@radix-ui/react-use-effect-event': 0.0.5(react@19.2.4)
      '@radix-ui/react-use-layout-effect': 1.1.4(react@19.2.4)
      react: 19.2.4

  '@radix-ui/react-use-effect-event@0.0.5(react@19.2.4)':
    dependencies:
      '@radix-ui/react-use-layout-effect': 1.1.4(react@19.2.4)
      react: 19.2.4

  '@radix-ui/react-use-layout-effect@1.1.4(react@19.2.4)':
    dependencies:
      react: 19.2.4

  '@react-aria/focus@3.22.1(react-dom@19.2.4(react@19.2.4))(react@19.2.4)':
    dependencies:
      '@swc/helpers': 0.5.23
      react: 19.2.4
      react-aria: 3.52.1(react-dom@19.2.4(react@19.2.4))(react@19.2.4)
      react-dom: 19.2.4(react@19.2.4)

  '@react-aria/interactions@3.28.1(react-dom@19.2.4(react@19.2.4))(react@19.2.4)':
    dependencies:
      '@react-types/shared': 3.36.1(react@19.2.4)
      '@swc/helpers': 0.5.23
      react: 19.2.4
      react-aria: 3.52.1(react-dom@19.2.4(react@19.2.4))(react@19.2.4)
      react-dom: 19.2.4(react@19.2.4)

  '@react-types/shared@3.36.1(react@19.2.4)':
    dependencies:
      react: 19.2.4

  '@swc/helpers@0.5.23':
    dependencies:
      tslib: 2.8.1

  '@tanstack/react-virtual@3.14.13(react-dom@19.2.4(react@19.2.4))(react@19.2.4)':
    dependencies:
      '@tanstack/virtual-core': 3.17.11
      react: 19.2.4
      react-dom: 19.2.4(react@19.2.4)

  '@tanstack/virtual-core@3.17.11': {}

  aria-hidden@1.2.6:
    dependencies:
      tslib: 2.8.1

  clsx@2.1.1: {}

  detect-node-es@1.1.0: {}

  esbuild@0.24.2:
    optionalDependencies:
      '@esbuild/aix-ppc64': 0.24.2
      '@esbuild/android-arm': 0.24.2
      '@esbuild/android-arm64': 0.24.2
      '@esbuild/android-x64': 0.24.2
      '@esbuild/darwin-arm64': 0.24.2
      '@esbuild/darwin-x64': 0.24.2
      '@esbuild/freebsd-arm64': 0.24.2
      '@esbuild/freebsd-x64': 0.24.2
      '@esbuild/linux-arm': 0.24.2
      '@esbuild/linux-arm64': 0.24.2
      '@esbuild/linux-ia32': 0.24.2
      '@esbuild/linux-loong64': 0.24.2
      '@esbuild/linux-mips64el': 0.24.2
      '@esbuild/linux-ppc64': 0.24.2
      '@esbuild/linux-riscv64': 0.24.2
      '@esbuild/linux-s390x': 0.24.2
      '@esbuild/linux-x64': 0.24.2
      '@esbuild/netbsd-arm64': 0.24.2
      '@esbuild/netbsd-x64': 0.24.2
      '@esbuild/openbsd-arm64': 0.24.2
      '@esbuild/openbsd-x64': 0.24.2
      '@esbuild/sunos-x64': 0.24.2
      '@esbuild/win32-arm64': 0.24.2
      '@esbuild/win32-ia32': 0.24.2
      '@esbuild/win32-x64': 0.24.2

  get-nonce@1.0.1: {}

  playwright-core@1.63.0: {}

  playwright@1.63.0:
    dependencies:
      playwright-core: 1.63.0

  react-aria@3.52.1(react-dom@19.2.4(react@19.2.4))(react@19.2.4):
    dependencies:
      '@internationalized/date': 3.12.4
      '@internationalized/number': 3.6.8
      '@internationalized/string': 3.2.10
      '@react-types/shared': 3.36.1(react@19.2.4)
      '@swc/helpers': 0.5.23
      aria-hidden: 1.2.6
      clsx: 2.1.1
      react: 19.2.4
      react-dom: 19.2.4(react@19.2.4)
      react-stately: 3.50.0(react@19.2.4)
      use-sync-external-store: 1.7.0(react@19.2.4)

  react-dom@19.2.4(react@19.2.4):
    dependencies:
      react: 19.2.4
      scheduler: 0.27.0

  react-remove-scroll-bar@2.3.8(react@19.2.4):
    dependencies:
      react: 19.2.4
      react-style-singleton: 2.2.3(react@19.2.4)
      tslib: 2.8.1

  react-remove-scroll@2.7.2(react@19.2.4):
    dependencies:
      react: 19.2.4
      react-remove-scroll-bar: 2.3.8(react@19.2.4)
      react-style-singleton: 2.2.3(react@19.2.4)
      tslib: 2.8.1
      use-callback-ref: 1.3.3(react@19.2.4)
      use-sidecar: 1.1.3(react@19.2.4)

  react-stately@3.50.0(react@19.2.4):
    dependencies:
      '@internationalized/date': 3.12.4
      '@internationalized/number': 3.6.8
      '@internationalized/string': 3.2.10
      '@react-types/shared': 3.36.1(react@19.2.4)
      '@swc/helpers': 0.5.23
      react: 19.2.4
      use-sync-external-store: 1.7.0(react@19.2.4)

  react-style-singleton@2.2.3(react@19.2.4):
    dependencies:
      get-nonce: 1.0.1
      react: 19.2.4
      tslib: 2.8.1

  react@19.2.4: {}

  scheduler@0.27.0: {}

  tabbable@6.5.0: {}

  tslib@2.8.1: {}

  use-callback-ref@1.3.3(react@19.2.4):
    dependencies:
      react: 19.2.4
      tslib: 2.8.1

  use-sidecar@1.1.3(react@19.2.4):
    dependencies:
      detect-node-es: 1.1.0
      react: 19.2.4
      tslib: 2.8.1

  use-sync-external-store@1.7.0(react@19.2.4):
    dependencies:
      react: 19.2.4
